
Microsoft Visual Studio Solution File, Format Version 12.00
# Visual Studio 15
VisualStudioVersion = 15.0.27428.2002
MinimumVisualStudioVersion = 10.0.40219.1
Project("{888888A0-9F3D-457C-B088-3A5042F75D52}") = "PCMRI", "PCMRI\PCMRI.pyproj", "{EA8B506E-B589-48F1-89BB-69DC3CC5CAE9}"
EndProject
Global
	GlobalSection(SolutionConfigurationPlatforms) = preSolution
		Debug|Any CPU = Debug|Any CPU
		Release|Any CPU = Release|Any CPU
	EndGlobalSection
	GlobalSection(ProjectConfigurationPlatforms) = postSolution
		{EA8B506E-B589-48F1-89BB-69DC3CC5CAE9}.Debug|Any CPU.ActiveCfg = Debug|Any CPU
		{EA8B506E-B589-48F1-89BB-69DC3CC5CAE9}.Release|Any CPU.ActiveCfg = Release|Any CPU
	EndGlobalSection
	GlobalSection(SolutionProperties) = preSolution
		HideSolutionNode = FALSE
	EndGlobalSection
	GlobalSection(ExtensibilityGlobals) = postSolution
		SolutionGuid = {C4F51B9B-7EB3-4B12-9801-1CB1A432C9B4}
	EndGlobalSection
EndGlobal
